
Microsoft Visual Studio Solution File, Format Version 12.00
Project("{2150E333-8FDC-42A3-9474-1A3956D46DE8}") = "src", "src", "{FFAC82BE-37C9-4708-94AC-D58DAFC21840}"
EndProject
Project("{2150E333-8FDC-42A3-9474-1A3956D46DE8}") = "Workout", "Workout", "{D8F184B1-77AD-4F18-9E03-86F5255DD2E1}"
EndProject
Project("{FAE04EC0-301F-11D3-BF4B-00C04F79EFBC}") = "API", "src\Workout\API\API.csproj", "{726ECD9F-AC70-4755-BE96-362D872D54DB}"
EndProject
Project("{FAE04EC0-301F-11D3-BF4B-00C04F79EFBC}") = "Domain", "src\Workout\Domain\Domain.csproj", "{2492AAA8-5C74-4DFE-A083-A7E850865E87}"
EndProject
Project("{FAE04EC0-301F-11D3-BF4B-00C04F79EFBC}") = "Infrastructure", "src\Workout\Infrastructure\Infrastructure.csproj", "{37BB8638-965F-47BB-9F97-600690FFAB23}"
EndProject
Project("{FAE04EC0-301F-11D3-BF4B-00C04F79EFBC}") = "Application", "src\Workout\Application\Application.csproj", "{6BC1CA65-59F9-4D76-BF95-BDDD7D932336}"
EndProject
Project("{2150E333-8FDC-42A3-9474-1A3956D46DE8}") = "tests", "tests", "{E565F37F-8E9E-46D2-970F-1AF494C4B834}"
EndProject
Project("{2150E333-8FDC-42A3-9474-1A3956D46DE8}") = "Workout.UnitTests", "Workout.UnitTests", "{FC7167C7-AA86-4FA5-BEE7-3EB6F66FB2D1}"
EndProject
Project("{FAE04EC0-301F-11D3-BF4B-00C04F79EFBC}") = "Domain.UnitTests", "tests\Workout.UnitTests\Domain.UnitTests\Domain.UnitTests.csproj", "{B7A13C77-823D-4415-BB1E-EE834A087C81}"
EndProject
Global
	GlobalSection(SolutionConfigurationPlatforms) = preSolution
		Debug|Any CPU = Debug|Any CPU
		Release|Any CPU = Release|Any CPU
	EndGlobalSection
	GlobalSection(ProjectConfigurationPlatforms) = postSolution
		{726ECD9F-AC70-4755-BE96-362D872D54DB}.Debug|Any CPU.ActiveCfg = Debug|Any CPU
		{726ECD9F-AC70-4755-BE96-362D872D54DB}.Debug|Any CPU.Build.0 = Debug|Any CPU
		{726ECD9F-AC70-4755-BE96-362D872D54DB}.Release|Any CPU.ActiveCfg = Release|Any CPU
		{726ECD9F-AC70-4755-BE96-362D872D54DB}.Release|Any CPU.Build.0 = Release|Any CPU
		{2492AAA8-5C74-4DFE-A083-A7E850865E87}.Debug|Any CPU.ActiveCfg = Debug|Any CPU
		{2492AAA8-5C74-4DFE-A083-A7E850865E87}.Debug|Any CPU.Build.0 = Debug|Any CPU
		{2492AAA8-5C74-4DFE-A083-A7E850865E87}.Release|Any CPU.ActiveCfg = Release|Any CPU
		{2492AAA8-5C74-4DFE-A083-A7E850865E87}.Release|Any CPU.Build.0 = Release|Any CPU
		{37BB8638-965F-47BB-9F97-600690FFAB23}.Debug|Any CPU.ActiveCfg = Debug|Any CPU
		{37BB8638-965F-47BB-9F97-600690FFAB23}.Debug|Any CPU.Build.0 = Debug|Any CPU
		{37BB8638-965F-47BB-9F97-600690FFAB23}.Release|Any CPU.ActiveCfg = Release|Any CPU
		{37BB8638-965F-47BB-9F97-600690FFAB23}.Release|Any CPU.Build.0 = Release|Any CPU
		{6BC1CA65-59F9-4D76-BF95-BDDD7D932336}.Debug|Any CPU.ActiveCfg = Debug|Any CPU
		{6BC1CA65-59F9-4D76-BF95-BDDD7D932336}.Debug|Any CPU.Build.0 = Debug|Any CPU
		{6BC1CA65-59F9-4D76-BF95-BDDD7D932336}.Release|Any CPU.ActiveCfg = Release|Any CPU
		{6BC1CA65-59F9-4D76-BF95-BDDD7D932336}.Release|Any CPU.Build.0 = Release|Any CPU
		{B7A13C77-823D-4415-BB1E-EE834A087C81}.Debug|Any CPU.ActiveCfg = Debug|Any CPU
		{B7A13C77-823D-4415-BB1E-EE834A087C81}.Debug|Any CPU.Build.0 = Debug|Any CPU
		{B7A13C77-823D-4415-BB1E-EE834A087C81}.Release|Any CPU.ActiveCfg = Release|Any CPU
		{B7A13C77-823D-4415-BB1E-EE834A087C81}.Release|Any CPU.Build.0 = Release|Any CPU
	EndGlobalSection
	GlobalSection(NestedProjects) = preSolution
		{D8F184B1-77AD-4F18-9E03-86F5255DD2E1} = {FFAC82BE-37C9-4708-94AC-D58DAFC21840}
		{726ECD9F-AC70-4755-BE96-362D872D54DB} = {D8F184B1-77AD-4F18-9E03-86F5255DD2E1}
		{2492AAA8-5C74-4DFE-A083-A7E850865E87} = {D8F184B1-77AD-4F18-9E03-86F5255DD2E1}
		{37BB8638-965F-47BB-9F97-600690FFAB23} = {D8F184B1-77AD-4F18-9E03-86F5255DD2E1}
		{6BC1CA65-59F9-4D76-BF95-BDDD7D932336} = {D8F184B1-77AD-4F18-9E03-86F5255DD2E1}
		{FC7167C7-AA86-4FA5-BEE7-3EB6F66FB2D1} = {E565F37F-8E9E-46D2-970F-1AF494C4B834}
		{B7A13C77-823D-4415-BB1E-EE834A087C81} = {FC7167C7-AA86-4FA5-BEE7-3EB6F66FB2D1}
	EndGlobalSection
EndGlobal
